
Microsoft Visual Studio Solution File, Format Version 12.00
# Visual Studio Version 16
VisualStudioVersion = 25.0.1704.0
MinimumVisualStudioVersion = 10.0.40219.1
Project("{FAE04EC0-301F-11D3-BF4B-00C04F79EFBC}") = "cslox", "cslox\cslox.csproj", "{EEC7B9A1-0645-4BA9-9101-51CE51ADFE21}"
EndProject
Project("{FAE04EC0-301F-11D3-BF4B-00C04F79EFBC}") = "Tool", "Tool\Tool.csproj", "{AF061B74-05A9-4B63-89B9-FDB5BB222E3F}"
EndProject
Project("{2150E333-8FDC-42A3-9474-1A3956D46DE8}") = "Solution Items", "Solution Items", "{6D6A3FF1-E05B-49C0-B574-0CFBB730D744}"
	ProjectSection(SolutionItems) = preProject
		README.md = README.md
		Grammer.md = Grammer.md
	EndProjectSection
EndProject
Global
	GlobalSection(SolutionConfigurationPlatforms) = preSolution
		Debug|Any CPU = Debug|Any CPU
		Release|Any CPU = Release|Any CPU
	EndGlobalSection
	GlobalSection(ProjectConfigurationPlatforms) = postSolution
		{EEC7B9A1-0645-4BA9-9101-51CE51ADFE21}.Debug|Any CPU.ActiveCfg = Debug|Any CPU
		{EEC7B9A1-0645-4BA9-9101-51CE51ADFE21}.Debug|Any CPU.Build.0 = Debug|Any CPU
		{EEC7B9A1-0645-4BA9-9101-51CE51ADFE21}.Release|Any CPU.ActiveCfg = Release|Any CPU
		{EEC7B9A1-0645-4BA9-9101-51CE51ADFE21}.Release|Any CPU.Build.0 = Release|Any CPU
		{AF061B74-05A9-4B63-89B9-FDB5BB222E3F}.Debug|Any CPU.ActiveCfg = Debug|Any CPU
		{AF061B74-05A9-4B63-89B9-FDB5BB222E3F}.Debug|Any CPU.Build.0 = Debug|Any CPU
		{AF061B74-05A9-4B63-89B9-FDB5BB222E3F}.Release|Any CPU.ActiveCfg = Release|Any CPU
		{AF061B74-05A9-4B63-89B9-FDB5BB222E3F}.Release|Any CPU.Build.0 = Release|Any CPU
	EndGlobalSection
	GlobalSection(SolutionProperties) = preSolution
		HideSolutionNode = FALSE
	EndGlobalSection
	GlobalSection(ExtensibilityGlobals) = postSolution
		SolutionGuid = {84BC2A67-71B3-4E41-8B45-4D1218EC775B}
	EndGlobalSection
EndGlobal
